
Microsoft Visual Studio Solution File, Format Version 12.00
# Visual Studio Version 16
VisualStudioVersion = 16.0.31321.278
MinimumVisualStudioVersion = 10.0.40219.1
Project("{00D1A9C2-B5F0-4AF3-8072-F6C62B433612}") = "GTreasury", "GTreasury.sqlproj", "{6A988526-BD54-41F7-A1B7-24C6EF1FDDE7}"
EndProject
Global
	GlobalSection(SolutionConfigurationPlatforms) = preSolution
		Debug|Any CPU = Debug|Any CPU
		Release|Any CPU = Release|Any CPU
	EndGlobalSection
	GlobalSection(ProjectConfigurationPlatforms) = postSolution
		{6A988526-BD54-41F7-A1B7-24C6EF1FDDE7}.Debug|Any CPU.ActiveCfg = Debug|Any CPU
		{6A988526-BD54-41F7-A1B7-24C6EF1FDDE7}.Debug|Any CPU.Build.0 = Debug|Any CPU
		{6A988526-BD54-41F7-A1B7-24C6EF1FDDE7}.Debug|Any CPU.Deploy.0 = Debug|Any CPU
		{6A988526-BD54-41F7-A1B7-24C6EF1FDDE7}.Release|Any CPU.ActiveCfg = Release|Any CPU
		{6A988526-BD54-41F7-A1B7-24C6EF1FDDE7}.Release|Any CPU.Build.0 = Release|Any CPU
		{6A988526-BD54-41F7-A1B7-24C6EF1FDDE7}.Release|Any CPU.Deploy.0 = Release|Any CPU
	EndGlobalSection
	GlobalSection(SolutionProperties) = preSolution
		HideSolutionNode = FALSE
	EndGlobalSection
	GlobalSection(ExtensibilityGlobals) = postSolution
		SolutionGuid = {EC850D6A-7AB3-4F91-A0BB-A0E4FE87D62A}
	EndGlobalSection
EndGlobal
